
Microsoft Visual Studio Solution File, Format Version 12.00
# Visual Studio Version 16
VisualStudioVersion = 16.0.31313.79
MinimumVisualStudioVersion = 10.0.40219.1
Project("{FAE04EC0-301F-11D3-BF4B-00C04F79EFBC}") = "Extracao_Produtos", "Extracao_Produtos\Extracao_Produtos.csproj", "{FEB4F2F2-885A-4155-AC2D-024099A243FF}"
EndProject
Global
	GlobalSection(SolutionConfigurationPlatforms) = preSolution
		Debug|Any CPU = Debug|Any CPU
		Release|Any CPU = Release|Any CPU
	EndGlobalSection
	GlobalSection(ProjectConfigurationPlatforms) = postSolution
		{FEB4F2F2-885A-4155-AC2D-024099A243FF}.Debug|Any CPU.ActiveCfg = Debug|Any CPU
		{FEB4F2F2-885A-4155-AC2D-024099A243FF}.Debug|Any CPU.Build.0 = Debug|Any CPU
		{FEB4F2F2-885A-4155-AC2D-024099A243FF}.Release|Any CPU.ActiveCfg = Release|Any CPU
		{FEB4F2F2-885A-4155-AC2D-024099A243FF}.Release|Any CPU.Build.0 = Release|Any CPU
	EndGlobalSection
	GlobalSection(SolutionProperties) = preSolution
		HideSolutionNode = FALSE
	EndGlobalSection
	GlobalSection(ExtensibilityGlobals) = postSolution
		SolutionGuid = {482C8DCF-704E-4AAF-A29F-0315CA7864FC}
	EndGlobalSection
EndGlobal
